{
  "nodes": {
    "algebra-simple": {
      "inputs": {
        "flake-parts": [
          "flake-parts"
        ],
        "nix-hs-utils": [
          "nix-hs-utils"
        ],
        "nixpkgs": [
          "nixpkgs"
        ]
      },
      "locked": {
        "lastModified": 1716375788,
        "narHash": "sha256-Np/Zk1CRUpWcwN7nwh414/689mGSNTXldHcjTWj+YzA=",
        "owner": "tbidne",
        "repo": "algebra-simple",
        "rev": "f8590486ec0fc66acf7db20308e1ed6993a52151",
        "type": "github"
      },
      "original": {
        "owner": "tbidne",
        "repo": "algebra-simple",
        "type": "github"
      }
    },
    "bounds": {
      "inputs": {
        "flake-parts": [
          "flake-parts"
        ],
        "nix-hs-utils": [
          "nix-hs-utils"
        ],
        "nixpkgs": [
          "nixpkgs"
        ]
      },
      "locked": {
        "lastModified": 1716375824,
        "narHash": "sha256-WG9ldBj1COftpPleldonF1f+dBJ5ojmlL84ZpTq9i1U=",
        "owner": "tbidne",
        "repo": "bounds",
        "rev": "f93b202c9d154b25b42b048570cf6648451aa577",
        "type": "github"
      },
      "original": {
        "owner": "tbidne",
        "repo": "bounds",
        "type": "github"
      }
    },
    "flake-parts": {
      "inputs": {
        "nixpkgs-lib": "nixpkgs-lib"
      },
      "locked": {
        "lastModified": 1717285511,
        "narHash": "sha256-iKzJcpdXih14qYVcZ9QC9XuZYnPc6T8YImb6dX166kw=",
        "owner": "hercules-ci",
        "repo": "flake-parts",
        "rev": "2a55567fcf15b1b1c7ed712a2c6fadaec7412ea8",
        "type": "github"
      },
      "original": {
        "owner": "hercules-ci",
        "repo": "flake-parts",
        "type": "github"
      }
    },
    "monad-effects": {
      "inputs": {
        "algebra-simple": [
          "algebra-simple"
        ],
        "bounds": [
          "bounds"
        ],
        "flake-parts": [
          "flake-parts"
        ],
        "nix-hs-utils": [
          "nix-hs-utils"
        ],
        "nixpkgs": [
          "nixpkgs"
        ],
        "smart-math": "smart-math"
      },
      "locked": {
        "lastModified": 1717469286,
        "narHash": "sha256-ackgCNlrDT9lT/jxFKGb/NWRR/V7Ms4n2wntIHUHjvM=",
        "owner": "tbidne",
        "repo": "monad-effects",
        "rev": "aeecb47f4aa144e686a7d596670bade5bf47e7d4",
        "type": "github"
      },
      "original": {
        "owner": "tbidne",
        "repo": "monad-effects",
        "type": "github"
      }
    },
    "nix-hs-utils": {
      "locked": {
        "lastModified": 1713310032,
        "narHash": "sha256-fKf7G+wwUoFF2ZfnINncmSgdAR0BlBitx+ENUjxgfcg=",
        "owner": "tbidne",
        "repo": "nix-hs-utils",
        "rev": "a28bc9ae3797ad713deeac4f52df46cb391d7002",
        "type": "github"
      },
      "original": {
        "owner": "tbidne",
        "repo": "nix-hs-utils",
        "type": "github"
      }
    },
    "nixpkgs": {
      "locked": {
        "lastModified": 1718160348,
        "narHash": "sha256-9YrUjdztqi4Gz8n3mBuqvCkMo4ojrA6nASwyIKWMpus=",
        "owner": "nixos",
        "repo": "nixpkgs",
        "rev": "57d6973abba7ea108bac64ae7629e7431e0199b6",
        "type": "github"
      },
      "original": {
        "owner": "nixos",
        "ref": "nixos-unstable",
        "repo": "nixpkgs",
        "type": "github"
      }
    },
    "nixpkgs-lib": {
      "locked": {
        "lastModified": 1717284937,
        "narHash": "sha256-lIbdfCsf8LMFloheeE6N31+BMIeixqyQWbSr2vk79EQ=",
        "type": "tarball",
        "url": "https://github.com/NixOS/nixpkgs/archive/eb9ceca17df2ea50a250b6b27f7bf6ab0186f198.tar.gz"
      },
      "original": {
        "type": "tarball",
        "url": "https://github.com/NixOS/nixpkgs/archive/eb9ceca17df2ea50a250b6b27f7bf6ab0186f198.tar.gz"
      }
    },
    "refined-extras": {
      "inputs": {
        "flake-parts": [
          "flake-parts"
        ],
        "nix-hs-utils": [
          "nix-hs-utils"
        ],
        "nixpkgs": [
          "nixpkgs"
        ]
      },
      "locked": {
        "lastModified": 1719802698,
        "narHash": "sha256-4MAZZ23yGEl8PPdfZNaLRIEoaGFNJURZu8K31nZDJYo=",
        "owner": "tbidne",
        "repo": "refined-extras",
        "rev": "0a769fcbcd0c7dd0f320034c6dea11e185baf180",
        "type": "github"
      },
      "original": {
        "owner": "tbidne",
        "repo": "refined-extras",
        "type": "github"
      }
    },
    "root": {
      "inputs": {
        "algebra-simple": "algebra-simple",
        "bounds": "bounds",
        "flake-parts": "flake-parts",
        "monad-effects": "monad-effects",
        "nix-hs-utils": "nix-hs-utils",
        "nixpkgs": "nixpkgs",
        "refined-extras": "refined-extras"
      }
    },
    "smart-math": {
      "inputs": {
        "algebra-simple": [
          "monad-effects",
          "algebra-simple"
        ],
        "bounds": [
          "monad-effects",
          "bounds"
        ],
        "flake-parts": [
          "monad-effects",
          "flake-parts"
        ],
        "nix-hs-utils": [
          "monad-effects",
          "nix-hs-utils"
        ],
        "nixpkgs": [
          "monad-effects",
          "nixpkgs"
        ]
      },
      "locked": {
        "lastModified": 1716380345,
        "narHash": "sha256-IfpHT70aAUy507iZGaAWR04K4Lf7efFw2SjD28Cbu0o=",
        "owner": "tbidne",
        "repo": "smart-math",
        "rev": "9bd570201445904d12d0e0b792f171d02e6f361e",
        "type": "github"
      },
      "original": {
        "owner": "tbidne",
        "repo": "smart-math",
        "type": "github"
      }
    }
  },
  "root": "root",
  "version": 7
}
