# This file was autogenerated by Stack.
# You should not edit this file by hand.
# For more information, please see the documentation at:
#   https://docs.haskellstack.org/en/stable/lock_files

packages:
- completed:
    hackage: env-guard-0.2@sha256:99b89cde1ed6d599880dfbc72b2c9a75ced57b7800a70dcb57d3e3e89e42184c,1312
    pantry-tree:
      sha256: 4884b3e9fc1fe18928cf0fda07e3de552110362d2edc024c632b0a31244cbadb
      size: 419
  original:
    hackage: env-guard-0.2@sha256:99b89cde1ed6d599880dfbc72b2c9a75ced57b7800a70dcb57d3e3e89e42184c,1312
- completed:
    hackage: text-display-0.0.5.2@sha256:6e6a5bf1c83dfa6c34692ed5d8ea87f1bd385984309b42c302f2156f4d82477b,2670
    pantry-tree:
      sha256: e84ac3f5fdc4d6e1c544174735beb80474cf7d7b849abfd1ae6184517a30c1c1
      size: 3364
  original:
    hackage: text-display-0.0.5.2@sha256:6e6a5bf1c83dfa6c34692ed5d8ea87f1bd385984309b42c302f2156f4d82477b,2670
- completed:
    commit: f8590486ec0fc66acf7db20308e1ed6993a52151
    git: https://github.com/tbidne/algebra-simple.git
    name: algebra-simple
    pantry-tree:
      sha256: 175574cc504ef22e28ced562b297fe5208bc4c96aedc9164b93aeeb7e381b281
      size: 3449
    version: '0.1'
  original:
    commit: f8590486ec0fc66acf7db20308e1ed6993a52151
    git: https://github.com/tbidne/algebra-simple.git
- completed:
    commit: f93b202c9d154b25b42b048570cf6648451aa577
    git: https://github.com/tbidne/bounds.git
    name: bounds
    pantry-tree:
      sha256: d35ab86d343913f00cbb7ae8db587047e6bb8efdb76c5a376e31d7ba85a63ebe
      size: 833
    version: '0.1'
  original:
    commit: f93b202c9d154b25b42b048570cf6648451aa577
    git: https://github.com/tbidne/bounds.git
- completed:
    commit: 29d9463487308e1f137451cf78c75c9a2eca6301
    git: https://github.com/tbidne/monad-effects.git
    name: effects-env
    pantry-tree:
      sha256: d0850c16bd2c15a1873d1f59a9e42e94752e8ce15ab06e4f9ee54876fecb1da9
      size: 235
    subdir: lib/effects-env
    version: '0.1'
  original:
    commit: 29d9463487308e1f137451cf78c75c9a2eca6301
    git: https://github.com/tbidne/monad-effects.git
    subdir: lib/effects-env
- completed:
    commit: 29d9463487308e1f137451cf78c75c9a2eca6301
    git: https://github.com/tbidne/monad-effects.git
    name: effects-exceptions
    pantry-tree:
      sha256: f4c280efc37c15cd8ddcf7b411a46203689fa8d3c4591778f44a4044cdc70529
      size: 766
    subdir: lib/effects-exceptions
    version: '0.1'
  original:
    commit: 29d9463487308e1f137451cf78c75c9a2eca6301
    git: https://github.com/tbidne/monad-effects.git
    subdir: lib/effects-exceptions
- completed:
    commit: 29d9463487308e1f137451cf78c75c9a2eca6301
    git: https://github.com/tbidne/monad-effects.git
    name: effects-fs
    pantry-tree:
      sha256: 8751a4acdd67bb887af045df73bddebacbabf45977f47216f45b97d6b6fd0688
      size: 2180
    subdir: lib/effects-fs
    version: '0.1'
  original:
    commit: 29d9463487308e1f137451cf78c75c9a2eca6301
    git: https://github.com/tbidne/monad-effects.git
    subdir: lib/effects-fs
- completed:
    commit: 29d9463487308e1f137451cf78c75c9a2eca6301
    git: https://github.com/tbidne/monad-effects.git
    name: effects-haskeline
    pantry-tree:
      sha256: 12a88cac8462464d97255e7e663f64159fb72cc07828e1322b2adf996655aa35
      size: 232
    subdir: lib/effects-haskeline
    version: '0.1'
  original:
    commit: 29d9463487308e1f137451cf78c75c9a2eca6301
    git: https://github.com/tbidne/monad-effects.git
    subdir: lib/effects-haskeline
- completed:
    commit: 29d9463487308e1f137451cf78c75c9a2eca6301
    git: https://github.com/tbidne/monad-effects.git
    name: effects-ioref
    pantry-tree:
      sha256: 7ab85bccdb173fae222801d41a2e63c10e0265c53ef1c52d5bd1a5b56e4a5ecf
      size: 224
    subdir: lib/effects-ioref
    version: '0.1'
  original:
    commit: 29d9463487308e1f137451cf78c75c9a2eca6301
    git: https://github.com/tbidne/monad-effects.git
    subdir: lib/effects-ioref
- completed:
    commit: 29d9463487308e1f137451cf78c75c9a2eca6301
    git: https://github.com/tbidne/monad-effects.git
    name: effects-optparse
    pantry-tree:
      sha256: d8e7858a4dd3c4d709807471905df170057d71fd3eb752120642cb5924189ada
      size: 230
    subdir: lib/effects-optparse
    version: '0.1'
  original:
    commit: 29d9463487308e1f137451cf78c75c9a2eca6301
    git: https://github.com/tbidne/monad-effects.git
    subdir: lib/effects-optparse
- completed:
    commit: 29d9463487308e1f137451cf78c75c9a2eca6301
    git: https://github.com/tbidne/monad-effects.git
    name: effects-terminal
    pantry-tree:
      sha256: 65bf791e45bf0f873570d32bb90ea17529eedfae51119be4d5c7836eecdbd500
      size: 237
    subdir: lib/effects-terminal
    version: '0.1'
  original:
    commit: 29d9463487308e1f137451cf78c75c9a2eca6301
    git: https://github.com/tbidne/monad-effects.git
    subdir: lib/effects-terminal
- completed:
    commit: 29d9463487308e1f137451cf78c75c9a2eca6301
    git: https://github.com/tbidne/monad-effects.git
    name: effects-time
    pantry-tree:
      sha256: 07f6056d8d4ed617f086eeeb5b00b811a9d64148a3bbc1cb2ae02e2f80a8d61a
      size: 281
    subdir: lib/effects-time
    version: '0.1'
  original:
    commit: 29d9463487308e1f137451cf78c75c9a2eca6301
    git: https://github.com/tbidne/monad-effects.git
    subdir: lib/effects-time
- completed:
    commit: 29d9463487308e1f137451cf78c75c9a2eca6301
    git: https://github.com/tbidne/monad-effects.git
    name: effects-unix-compat
    pantry-tree:
      sha256: c92d9b941796b8c7c5b98cb845ee6677ebd68e1ae2062dfb3fbf69579ccc46fd
      size: 367
    subdir: lib/effects-unix-compat
    version: '0.1'
  original:
    commit: 29d9463487308e1f137451cf78c75c9a2eca6301
    git: https://github.com/tbidne/monad-effects.git
    subdir: lib/effects-unix-compat
- completed:
    commit: 9c0e3b2f7e888427338e581449904d700d40c0de
    git: https://github.com/tbidne/refined-extras.git
    name: refined-extras
    pantry-tree:
      sha256: 826cfd216b68a8576d47808e1eed81d3140a67ca8ead197af66bf598bdfd6062
      size: 2156
    version: 0.1.0.0
  original:
    commit: 9c0e3b2f7e888427338e581449904d700d40c0de
    git: https://github.com/tbidne/refined-extras.git
snapshots:
- completed:
    sha256: e47314df6b200e3c95f14b926d81fd193ae010e51bd162a36ce18ef68f421e4a
    size: 649139
    url: https://raw.githubusercontent.com/commercialhaskell/stackage-snapshots/master/nightly/2024/6/13.yaml
  original: nightly-2024-06-13
